
Microsoft Visual Studio Solution File, Format Version 12.00
# Visual Studio Version 17
VisualStudioVersion = 17.3.32825.248
MinimumVisualStudioVersion = 10.0.40219.1
Project("{FAE04EC0-301F-11D3-BF4B-00C04F79EFBC}") = "Services", "Services\Services.csproj", "{F79D1D7B-BE56-4911-9275-CC73703FD178}"
EndProject
Project("{FAE04EC0-301F-11D3-BF4B-00C04F79EFBC}") = "ServicesContracts", "ServicesContracts\ServicesContracts.csproj", "{03188ADA-E764-4E08-B780-8D57D28ACD36}"
EndProject
Project("{FAE04EC0-301F-11D3-BF4B-00C04F79EFBC}") = "DataContracts", "DataContracts\DataContracts.csproj", "{82EE49AC-AC1E-4494-B7BA-46EE83D8814F}"
EndProject
Project("{FAE04EC0-301F-11D3-BF4B-00C04F79EFBC}") = "Host", "Host\Host.csproj", "{426C234B-66C8-40D3-A0D9-D2CC951A8937}"
EndProject
Project("{FAE04EC0-301F-11D3-BF4B-00C04F79EFBC}") = "IHM", "IHM\IHM.csproj", "{BF87618B-AD1D-4FD0-8964-F5BC9E983DE2}"
EndProject
Global
	GlobalSection(SolutionConfigurationPlatforms) = preSolution
		Debug|Any CPU = Debug|Any CPU
		Release|Any CPU = Release|Any CPU
	EndGlobalSection
	GlobalSection(ProjectConfigurationPlatforms) = postSolution
		{F79D1D7B-BE56-4911-9275-CC73703FD178}.Debug|Any CPU.ActiveCfg = Debug|Any CPU
		{F79D1D7B-BE56-4911-9275-CC73703FD178}.Debug|Any CPU.Build.0 = Debug|Any CPU
		{F79D1D7B-BE56-4911-9275-CC73703FD178}.Release|Any CPU.ActiveCfg = Release|Any CPU
		{F79D1D7B-BE56-4911-9275-CC73703FD178}.Release|Any CPU.Build.0 = Release|Any CPU
		{03188ADA-E764-4E08-B780-8D57D28ACD36}.Debug|Any CPU.ActiveCfg = Debug|Any CPU
		{03188ADA-E764-4E08-B780-8D57D28ACD36}.Debug|Any CPU.Build.0 = Debug|Any CPU
		{03188ADA-E764-4E08-B780-8D57D28ACD36}.Release|Any CPU.ActiveCfg = Release|Any CPU
		{03188ADA-E764-4E08-B780-8D57D28ACD36}.Release|Any CPU.Build.0 = Release|Any CPU
		{82EE49AC-AC1E-4494-B7BA-46EE83D8814F}.Debug|Any CPU.ActiveCfg = Debug|Any CPU
		{82EE49AC-AC1E-4494-B7BA-46EE83D8814F}.Debug|Any CPU.Build.0 = Debug|Any CPU
		{82EE49AC-AC1E-4494-B7BA-46EE83D8814F}.Release|Any CPU.ActiveCfg = Release|Any CPU
		{82EE49AC-AC1E-4494-B7BA-46EE83D8814F}.Release|Any CPU.Build.0 = Release|Any CPU
		{426C234B-66C8-40D3-A0D9-D2CC951A8937}.Debug|Any CPU.ActiveCfg = Debug|Any CPU
		{426C234B-66C8-40D3-A0D9-D2CC951A8937}.Debug|Any CPU.Build.0 = Debug|Any CPU
		{426C234B-66C8-40D3-A0D9-D2CC951A8937}.Release|Any CPU.ActiveCfg = Release|Any CPU
		{426C234B-66C8-40D3-A0D9-D2CC951A8937}.Release|Any CPU.Build.0 = Release|Any CPU
		{BF87618B-AD1D-4FD0-8964-F5BC9E983DE2}.Debug|Any CPU.ActiveCfg = Debug|Any CPU
		{BF87618B-AD1D-4FD0-8964-F5BC9E983DE2}.Debug|Any CPU.Build.0 = Debug|Any CPU
		{BF87618B-AD1D-4FD0-8964-F5BC9E983DE2}.Release|Any CPU.ActiveCfg = Release|Any CPU
		{BF87618B-AD1D-4FD0-8964-F5BC9E983DE2}.Release|Any CPU.Build.0 = Release|Any CPU
	EndGlobalSection
	GlobalSection(SolutionProperties) = preSolution
		HideSolutionNode = FALSE
	EndGlobalSection
	GlobalSection(ExtensibilityGlobals) = postSolution
		SolutionGuid = {0C81BDC9-0A1C-49C3-A431-A5C2DE315980}
	EndGlobalSection
EndGlobal
